// !$*UTF8*$!
{
	archiveVersion = 1;
	classes = {
	};
	objectVersion = 50;
	objects = {

/* Begin PBXBuildFile section */
		843B8C252630B96D00CFDC92 /* TouchDownAppApp.swift in Sources */ = {isa = PBXBuildFile; fileRef = 843B8C242630B96D00CFDC92 /* TouchDownAppApp.swift */; };
		843B8C272630B96D00CFDC92 /* ContentView.swift in Sources */ = {isa = PBXBuildFile; fileRef = 843B8C262630B96D00CFDC92 /* ContentView.swift */; };
		843B8C292630B97000CFDC92 /* Assets.xcassets in Resources */ = {isa = PBXBuildFile; fileRef = 843B8C282630B97000CFDC92 /* Assets.xcassets */; };
		843B8C2C2630B97000CFDC92 /* Preview Assets.xcassets in Resources */ = {isa = PBXBuildFile; fileRef = 843B8C2B2630B97000CFDC92 /* Preview Assets.xcassets */; };
		84574A6326373AB8004817E8 /* brand.json in Resources */ = {isa = PBXBuildFile; fileRef = 84574A5F26373AB8004817E8 /* brand.json */; };
		84574A6426373AB8004817E8 /* player.json in Resources */ = {isa = PBXBuildFile; fileRef = 84574A6026373AB8004817E8 /* player.json */; };
		84574A6526373AB8004817E8 /* product.json in Resources */ = {isa = PBXBuildFile; fileRef = 84574A6126373AB8004817E8 /* product.json */; };
		84574A6626373AB8004817E8 /* category.json in Resources */ = {isa = PBXBuildFile; fileRef = 84574A6226373AB8004817E8 /* category.json */; };
		84574A762637404F004817E8 /* Constants.swift in Sources */ = {isa = PBXBuildFile; fileRef = 84574A752637404F004817E8 /* Constants.swift */; };
		84574A7D2637413A004817E8 /* FooterView.swift in Sources */ = {isa = PBXBuildFile; fileRef = 84574A7C2637413A004817E8 /* FooterView.swift */; };
		84574A862637530A004817E8 /* NavigatinBarView.swift in Sources */ = {isa = PBXBuildFile; fileRef = 84574A852637530A004817E8 /* NavigatinBarView.swift */; };
		84574A89263754BB004817E8 /* LogoView.swift in Sources */ = {isa = PBXBuildFile; fileRef = 84574A88263754BB004817E8 /* LogoView.swift */; };
		84574A8C263759BA004817E8 /* PlayerModel.swift in Sources */ = {isa = PBXBuildFile; fileRef = 84574A8B263759BA004817E8 /* PlayerModel.swift */; };
		84574A8F263759EF004817E8 /* CodeableBundleExtension.swift in Sources */ = {isa = PBXBuildFile; fileRef = 84574A8E263759EF004817E8 /* CodeableBundleExtension.swift */; };
		84574A9226375CEF004817E8 /* FeaturedItemView.swift in Sources */ = {isa = PBXBuildFile; fileRef = 84574A9126375CEF004817E8 /* FeaturedItemView.swift */; };
		84574A9526375D9B004817E8 /* FeaturedTabView.swift in Sources */ = {isa = PBXBuildFile; fileRef = 84574A9426375D9B004817E8 /* FeaturedTabView.swift */; };
		84574AB0263995C3004817E8 /* CategoryModel.swift in Sources */ = {isa = PBXBuildFile; fileRef = 84574AAF263995C3004817E8 /* CategoryModel.swift */; };
		84574AB426399766004817E8 /* CategoryItemView.swift in Sources */ = {isa = PBXBuildFile; fileRef = 84574AB326399766004817E8 /* CategoryItemView.swift */; };
		845E95BD2639B404001ED8E1 /* CategoryGridView.swift in Sources */ = {isa = PBXBuildFile; fileRef = 845E95BC2639B404001ED8E1 /* CategoryGridView.swift */; };
		845E95C02639B5E5001ED8E1 /* SectionView.swift in Sources */ = {isa = PBXBuildFile; fileRef = 845E95BF2639B5E5001ED8E1 /* SectionView.swift */; };
		845E95C32639CEA7001ED8E1 /* TitleVIew.swift in Sources */ = {isa = PBXBuildFile; fileRef = 845E95C22639CEA7001ED8E1 /* TitleVIew.swift */; };
		845E95C62639CFC8001ED8E1 /* ProductModel.swift in Sources */ = {isa = PBXBuildFile; fileRef = 845E95C52639CFC8001ED8E1 /* ProductModel.swift */; };
		845E95C92639D0C5001ED8E1 /* ProductItemView.swift in Sources */ = {isa = PBXBuildFile; fileRef = 845E95C82639D0C5001ED8E1 /* ProductItemView.swift */; };
		845E95CC2639D6D7001ED8E1 /* BrandModal.swift in Sources */ = {isa = PBXBuildFile; fileRef = 845E95CB2639D6D7001ED8E1 /* BrandModal.swift */; };
		845E95CF2639D761001ED8E1 /* BrandItemView.swift in Sources */ = {isa = PBXBuildFile; fileRef = 845E95CE2639D761001ED8E1 /* BrandItemView.swift */; };
		845E95D22639D82D001ED8E1 /* BrandGridView.swift in Sources */ = {isa = PBXBuildFile; fileRef = 845E95D12639D82D001ED8E1 /* BrandGridView.swift */; };
		845E95D52639DA15001ED8E1 /* ProductDetailView.swift in Sources */ = {isa = PBXBuildFile; fileRef = 845E95D42639DA15001ED8E1 /* ProductDetailView.swift */; };
		845E95D82639DBE3001ED8E1 /* NavigationBarDetailView.swift in Sources */ = {isa = PBXBuildFile; fileRef = 845E95D72639DBE3001ED8E1 /* NavigationBarDetailView.swift */; };
		845E95DB2639DD04001ED8E1 /* HeaderDetailView.swift in Sources */ = {isa = PBXBuildFile; fileRef = 845E95DA2639DD04001ED8E1 /* HeaderDetailView.swift */; };
		845E95DE2639DE1E001ED8E1 /* TopPartDetailView.swift in Sources */ = {isa = PBXBuildFile; fileRef = 845E95DD2639DE1E001ED8E1 /* TopPartDetailView.swift */; };
		845E95E62639F403001ED8E1 /* CustomShape.swift in Sources */ = {isa = PBXBuildFile; fileRef = 845E95E52639F403001ED8E1 /* CustomShape.swift */; };
		845E95EA2639F6CC001ED8E1 /* RatingsSizesDetailView.swift in Sources */ = {isa = PBXBuildFile; fileRef = 845E95E92639F6CC001ED8E1 /* RatingsSizesDetailView.swift */; };
		848A21F4263C6F2500B8DC28 /* QuantifyFavoriteDetailView.swift in Sources */ = {isa = PBXBuildFile; fileRef = 848A21F3263C6F2500B8DC28 /* QuantifyFavoriteDetailView.swift */; };
		848A21F7263C716D00B8DC28 /* AddToCartDetailView.swift in Sources */ = {isa = PBXBuildFile; fileRef = 848A21F6263C716D00B8DC28 /* AddToCartDetailView.swift */; };
		848A21FA263C744800B8DC28 /* Shop.swift in Sources */ = {isa = PBXBuildFile; fileRef = 848A21F9263C744800B8DC28 /* Shop.swift */; };
/* End PBXBuildFile section */

/* Begin PBXFileReference section */
		843B8C212630B96D00CFDC92 /* TouchDownApp.app */ = {isa = PBXFileReference; explicitFileType = wrapper.application; includeInIndex = 0; path = TouchDownApp.app; sourceTree = BUILT_PRODUCTS_DIR; };
		843B8C242630B96D00CFDC92 /* TouchDownAppApp.swift */ = {isa = PBXFileReference; lastKnownFileType = sourcecode.swift; path = TouchDownAppApp.swift; sourceTree = "<group>"; };
		843B8C262630B96D00CFDC92 /* ContentView.swift */ = {isa = PBXFileReference; lastKnownFileType = sourcecode.swift; path = ContentView.swift; sourceTree = "<group>"; };
		843B8C282630B97000CFDC92 /* Assets.xcassets */ = {isa = PBXFileReference; lastKnownFileType = folder.assetcatalog; path = Assets.xcassets; sourceTree = "<group>"; };
		843B8C2B2630B97000CFDC92 /* Preview Assets.xcassets */ = {isa = PBXFileReference; lastKnownFileType = folder.assetcatalog; path = "Preview Assets.xcassets"; sourceTree = "<group>"; };
		843B8C2D2630B97000CFDC92 /* Info.plist */ = {isa = PBXFileReference; lastKnownFileType = text.plist.xml; path = Info.plist; sourceTree = "<group>"; };
		84574A5F26373AB8004817E8 /* brand.json */ = {isa = PBXFileReference; fileEncoding = 4; lastKnownFileType = text.json; path = brand.json; sourceTree = "<group>"; };
		84574A6026373AB8004817E8 /* player.json */ = {isa = PBXFileReference; fileEncoding = 4; lastKnownFileType = text.json; path = player.json; sourceTree = "<group>"; };
		84574A6126373AB8004817E8 /* product.json */ = {isa = PBXFileReference; fileEncoding = 4; lastKnownFileType = text.json; path = product.json; sourceTree = "<group>"; };
		84574A6226373AB8004817E8 /* category.json */ = {isa = PBXFileReference; fileEncoding = 4; lastKnownFileType = text.json; path = category.json; sourceTree = "<group>"; };
		84574A752637404F004817E8 /* Constants.swift */ = {isa = PBXFileReference; lastKnownFileType = sourcecode.swift; path = Constants.swift; sourceTree = "<group>"; };
		84574A7C2637413A004817E8 /* FooterView.swift */ = {isa = PBXFileReference; lastKnownFileType = sourcecode.swift; path = FooterView.swift; sourceTree = "<group>"; };
		84574A852637530A004817E8 /* NavigatinBarView.swift */ = {isa = PBXFileReference; lastKnownFileType = sourcecode.swift; path = NavigatinBarView.swift; sourceTree = "<group>"; };
		84574A88263754BB004817E8 /* LogoView.swift */ = {isa = PBXFileReference; lastKnownFileType = sourcecode.swift; path = LogoView.swift; sourceTree = "<group>"; };
		84574A8B263759BA004817E8 /* PlayerModel.swift */ = {isa = PBXFileReference; lastKnownFileType = sourcecode.swift; path = PlayerModel.swift; sourceTree = "<group>"; };
		84574A8E263759EF004817E8 /* CodeableBundleExtension.swift */ = {isa = PBXFileReference; lastKnownFileType = sourcecode.swift; path = CodeableBundleExtension.swift; sourceTree = "<group>"; };
		84574A9126375CEF004817E8 /* FeaturedItemView.swift */ = {isa = PBXFileReference; lastKnownFileType = sourcecode.swift; path = FeaturedItemView.swift; sourceTree = "<group>"; };
		84574A9426375D9B004817E8 /* FeaturedTabView.swift */ = {isa = PBXFileReference; lastKnownFileType = sourcecode.swift; path = FeaturedTabView.swift; sourceTree = "<group>"; };
		84574AAF263995C3004817E8 /* CategoryModel.swift */ = {isa = PBXFileReference; lastKnownFileType = sourcecode.swift; name = CategoryModel.swift; path = TouchDownApp/Extentsion/CategoryModel.swift; sourceTree = SOURCE_ROOT; };
		84574AB326399766004817E8 /* CategoryItemView.swift */ = {isa = PBXFileReference; lastKnownFileType = sourcecode.swift; path = CategoryItemView.swift; sourceTree = "<group>"; };
		845E95BC2639B404001ED8E1 /* CategoryGridView.swift */ = {isa = PBXFileReference; lastKnownFileType = sourcecode.swift; path = CategoryGridView.swift; sourceTree = "<group>"; };
		845E95BF2639B5E5001ED8E1 /* SectionView.swift */ = {isa = PBXFileReference; lastKnownFileType = sourcecode.swift; path = SectionView.swift; sourceTree = "<group>"; };
		845E95C22639CEA7001ED8E1 /* TitleVIew.swift */ = {isa = PBXFileReference; lastKnownFileType = sourcecode.swift; path = TitleVIew.swift; sourceTree = "<group>"; };
		845E95C52639CFC8001ED8E1 /* ProductModel.swift */ = {isa = PBXFileReference; lastKnownFileType = sourcecode.swift; path = ProductModel.swift; sourceTree = "<group>"; };
		845E95C82639D0C5001ED8E1 /* ProductItemView.swift */ = {isa = PBXFileReference; lastKnownFileType = sourcecode.swift; path = ProductItemView.swift; sourceTree = "<group>"; };
		845E95CB2639D6D7001ED8E1 /* BrandModal.swift */ = {isa = PBXFileReference; lastKnownFileType = sourcecode.swift; path = BrandModal.swift; sourceTree = "<group>"; };
		845E95CE2639D761001ED8E1 /* BrandItemView.swift */ = {isa = PBXFileReference; lastKnownFileType = sourcecode.swift; path = BrandItemView.swift; sourceTree = "<group>"; };
		845E95D12639D82D001ED8E1 /* BrandGridView.swift */ = {isa = PBXFileReference; lastKnownFileType = sourcecode.swift; path = BrandGridView.swift; sourceTree = "<group>"; };
		845E95D42639DA15001ED8E1 /* ProductDetailView.swift */ = {isa = PBXFileReference; lastKnownFileType = sourcecode.swift; path = ProductDetailView.swift; sourceTree = "<group>"; };
		845E95D72639DBE3001ED8E1 /* NavigationBarDetailView.swift */ = {isa = PBXFileReference; lastKnownFileType = sourcecode.swift; path = NavigationBarDetailView.swift; sourceTree = "<group>"; };
		845E95DA2639DD04001ED8E1 /* HeaderDetailView.swift */ = {isa = PBXFileReference; lastKnownFileType = sourcecode.swift; path = HeaderDetailView.swift; sourceTree = "<group>"; };
		845E95DD2639DE1E001ED8E1 /* TopPartDetailView.swift */ = {isa = PBXFileReference; lastKnownFileType = sourcecode.swift; path = TopPartDetailView.swift; sourceTree = "<group>"; };
		845E95E52639F403001ED8E1 /* CustomShape.swift */ = {isa = PBXFileReference; lastKnownFileType = sourcecode.swift; path = CustomShape.swift; sourceTree = "<group>"; };
		845E95E92639F6CC001ED8E1 /* RatingsSizesDetailView.swift */ = {isa = PBXFileReference; lastKnownFileType = sourcecode.swift; path = RatingsSizesDetailView.swift; sourceTree = "<group>"; };
		848A21F3263C6F2500B8DC28 /* QuantifyFavoriteDetailView.swift */ = {isa = PBXFileReference; lastKnownFileType = sourcecode.swift; path = QuantifyFavoriteDetailView.swift; sourceTree = "<group>"; };
		848A21F6263C716D00B8DC28 /* AddToCartDetailView.swift */ = {isa = PBXFileReference; lastKnownFileType = sourcecode.swift; path = AddToCartDetailView.swift; sourceTree = "<group>"; };
		848A21F9263C744800B8DC28 /* Shop.swift */ = {isa = PBXFileReference; lastKnownFileType = sourcecode.swift; path = Shop.swift; sourceTree = "<group>"; };
/* End PBXFileReference section */

/* Begin PBXFrameworksBuildPhase section */
		843B8C1E2630B96D00CFDC92 /* Frameworks */ = {
			isa = PBXFrameworksBuildPhase;
			buildActionMask = 2147483647;
			files = (
			);
			runOnlyForDeploymentPostprocessing = 0;
		};
/* End PBXFrameworksBuildPhase section */

/* Begin PBXGroup section */
		843B8C182630B96D00CFDC92 = {
			isa = PBXGroup;
			children = (
				843B8C232630B96D00CFDC92 /* TouchDownApp */,
				843B8C222630B96D00CFDC92 /* Products */,
			);
			sourceTree = "<group>";
		};
		843B8C222630B96D00CFDC92 /* Products */ = {
			isa = PBXGroup;
			children = (
				843B8C212630B96D00CFDC92 /* TouchDownApp.app */,
			);
			name = Products;
			sourceTree = "<group>";
		};
		843B8C232630B96D00CFDC92 /* TouchDownApp */ = {
			isa = PBXGroup;
			children = (
				84574A7326373FED004817E8 /* Extentsion */,
				84574A7226373FE4004817E8 /* Modal */,
				84574A6F26373FC5004817E8 /* View */,
				84574A6D26373FB6004817E8 /* App */,
				84574A5E26373A6D004817E8 /* Data */,
				84574A7426373FF6004817E8 /* Utility */,
				843B8C2D2630B97000CFDC92 /* Info.plist */,
				843B8C282630B97000CFDC92 /* Assets.xcassets */,
				843B8C2A2630B97000CFDC92 /* Preview Content */,
			);
			path = TouchDownApp;
			sourceTree = "<group>";
		};
		843B8C2A2630B97000CFDC92 /* Preview Content */ = {
			isa = PBXGroup;
			children = (
				843B8C2B2630B97000CFDC92 /* Preview Assets.xcassets */,
			);
			path = "Preview Content";
			sourceTree = "<group>";
		};
		84574A5E26373A6D004817E8 /* Data */ = {
			isa = PBXGroup;
			children = (
				84574A5F26373AB8004817E8 /* brand.json */,
				84574A6226373AB8004817E8 /* category.json */,
				84574A6026373AB8004817E8 /* player.json */,
				84574A6126373AB8004817E8 /* product.json */,
			);
			path = Data;
			sourceTree = "<group>";
		};
		84574A6D26373FB6004817E8 /* App */ = {
			isa = PBXGroup;
			children = (
				843B8C262630B96D00CFDC92 /* ContentView.swift */,
				843B8C242630B96D00CFDC92 /* TouchDownAppApp.swift */,
				845E95D42639DA15001ED8E1 /* ProductDetailView.swift */,
			);
			path = App;
			sourceTree = "<group>";
		};
		84574A6F26373FC5004817E8 /* View */ = {
			isa = PBXGroup;
			children = (
				84574A7126373FD8004817E8 /* Home */,
				84574A7026373FCE004817E8 /* Detail */,
			);
			path = View;
			sourceTree = "<group>";
		};
		84574A7026373FCE004817E8 /* Detail */ = {
			isa = PBXGroup;
			children = (
				84574A852637530A004817E8 /* NavigatinBarView.swift */,
				845E95D72639DBE3001ED8E1 /* NavigationBarDetailView.swift */,
				845E95DA2639DD04001ED8E1 /* HeaderDetailView.swift */,
				845E95DD2639DE1E001ED8E1 /* TopPartDetailView.swift */,
				845E95E92639F6CC001ED8E1 /* RatingsSizesDetailView.swift */,
				848A21F3263C6F2500B8DC28 /* QuantifyFavoriteDetailView.swift */,
				848A21F6263C716D00B8DC28 /* AddToCartDetailView.swift */,
			);
			path = Detail;
			sourceTree = "<group>";
		};
		84574A7126373FD8004817E8 /* Home */ = {
			isa = PBXGroup;
			children = (
				84574A7C2637413A004817E8 /* FooterView.swift */,
				84574A88263754BB004817E8 /* LogoView.swift */,
				84574A9126375CEF004817E8 /* FeaturedItemView.swift */,
				84574A9426375D9B004817E8 /* FeaturedTabView.swift */,
				84574AB326399766004817E8 /* CategoryItemView.swift */,
				845E95BC2639B404001ED8E1 /* CategoryGridView.swift */,
				845E95BF2639B5E5001ED8E1 /* SectionView.swift */,
				845E95C22639CEA7001ED8E1 /* TitleVIew.swift */,
				845E95C82639D0C5001ED8E1 /* ProductItemView.swift */,
				845E95CE2639D761001ED8E1 /* BrandItemView.swift */,
				845E95D12639D82D001ED8E1 /* BrandGridView.swift */,
			);
			path = Home;
			sourceTree = "<group>";
		};
		84574A7226373FE4004817E8 /* Modal */ = {
			isa = PBXGroup;
			children = (
				84574AAF263995C3004817E8 /* CategoryModel.swift */,
				84574A8B263759BA004817E8 /* PlayerModel.swift */,
				845E95C52639CFC8001ED8E1 /* ProductModel.swift */,
				845E95CB2639D6D7001ED8E1 /* BrandModal.swift */,
			);
			path = Modal;
			sourceTree = "<group>";
		};
		84574A7326373FED004817E8 /* Extentsion */ = {
			isa = PBXGroup;
			children = (
				84574A8E263759EF004817E8 /* CodeableBundleExtension.swift */,
			);
			path = Extentsion;
			sourceTree = "<group>";
		};
		84574A7426373FF6004817E8 /* Utility */ = {
			isa = PBXGroup;
			children = (
				84574A752637404F004817E8 /* Constants.swift */,
				845E95E52639F403001ED8E1 /* CustomShape.swift */,
				848A21F9263C744800B8DC28 /* Shop.swift */,
			);
			path = Utility;
			sourceTree = "<group>";
		};
/* End PBXGroup section */

/* Begin PBXNativeTarget section */
		843B8C202630B96D00CFDC92 /* TouchDownApp */ = {
			isa = PBXNativeTarget;
			buildConfigurationList = 843B8C302630B97000CFDC92 /* Build configuration list for PBXNativeTarget "TouchDownApp" */;
			buildPhases = (
				843B8C1D2630B96D00CFDC92 /* Sources */,
				843B8C1E2630B96D00CFDC92 /* Frameworks */,
				843B8C1F2630B96D00CFDC92 /* Resources */,
			);
			buildRules = (
			);
			dependencies = (
			);
			name = TouchDownApp;
			productName = TouchDownApp;
			productReference = 843B8C212630B96D00CFDC92 /* TouchDownApp.app */;
			productType = "com.apple.product-type.application";
		};
/* End PBXNativeTarget section */

/* Begin PBXProject section */
		843B8C192630B96D00CFDC92 /* Project object */ = {
			isa = PBXProject;
			attributes = {
				LastSwiftUpdateCheck = 1240;
				LastUpgradeCheck = 1240;
				TargetAttributes = {
					843B8C202630B96D00CFDC92 = {
						CreatedOnToolsVersion = 12.4;
					};
				};
			};
			buildConfigurationList = 843B8C1C2630B96D00CFDC92 /* Build configuration list for PBXProject "TouchDownApp" */;
			compatibilityVersion = "Xcode 9.3";
			developmentRegion = en;
			hasScannedForEncodings = 0;
			knownRegions = (
				en,
				Base,
			);
			mainGroup = 843B8C182630B96D00CFDC92;
			productRefGroup = 843B8C222630B96D00CFDC92 /* Products */;
			projectDirPath = "";
			projectRoot = "";
			targets = (
				843B8C202630B96D00CFDC92 /* TouchDownApp */,
			);
		};
/* End PBXProject section */

/* Begin PBXResourcesBuildPhase section */
		843B8C1F2630B96D00CFDC92 /* Resources */ = {
			isa = PBXResourcesBuildPhase;
			buildActionMask = 2147483647;
			files = (
				84574A6626373AB8004817E8 /* category.json in Resources */,
				84574A6426373AB8004817E8 /* player.json in Resources */,
				843B8C2C2630B97000CFDC92 /* Preview Assets.xcassets in Resources */,
				84574A6326373AB8004817E8 /* brand.json in Resources */,
				843B8C292630B97000CFDC92 /* Assets.xcassets in Resources */,
				84574A6526373AB8004817E8 /* product.json in Resources */,
			);
			runOnlyForDeploymentPostprocessing = 0;
		};
/* End PBXResourcesBuildPhase section */

/* Begin PBXSourcesBuildPhase section */
		843B8C1D2630B96D00CFDC92 /* Sources */ = {
			isa = PBXSourcesBuildPhase;
			buildActionMask = 2147483647;
			files = (
				843B8C272630B96D00CFDC92 /* ContentView.swift in Sources */,
				845E95DB2639DD04001ED8E1 /* HeaderDetailView.swift in Sources */,
				845E95DE2639DE1E001ED8E1 /* TopPartDetailView.swift in Sources */,
				84574A89263754BB004817E8 /* LogoView.swift in Sources */,
				84574A7D2637413A004817E8 /* FooterView.swift in Sources */,
				843B8C252630B96D00CFDC92 /* TouchDownAppApp.swift in Sources */,
				84574A9226375CEF004817E8 /* FeaturedItemView.swift in Sources */,
				845E95C92639D0C5001ED8E1 /* ProductItemView.swift in Sources */,
				848A21F7263C716D00B8DC28 /* AddToCartDetailView.swift in Sources */,
				845E95D22639D82D001ED8E1 /* BrandGridView.swift in Sources */,
				845E95EA2639F6CC001ED8E1 /* RatingsSizesDetailView.swift in Sources */,
				84574A762637404F004817E8 /* Constants.swift in Sources */,
				845E95D52639DA15001ED8E1 /* ProductDetailView.swift in Sources */,
				845E95E62639F403001ED8E1 /* CustomShape.swift in Sources */,
				845E95D82639DBE3001ED8E1 /* NavigationBarDetailView.swift in Sources */,
				84574A862637530A004817E8 /* NavigatinBarView.swift in Sources */,
				845E95BD2639B404001ED8E1 /* CategoryGridView.swift in Sources */,
				84574A8F263759EF004817E8 /* CodeableBundleExtension.swift in Sources */,
				84574A9526375D9B004817E8 /* FeaturedTabView.swift in Sources */,
				845E95C02639B5E5001ED8E1 /* SectionView.swift in Sources */,
				845E95CF2639D761001ED8E1 /* BrandItemView.swift in Sources */,
				845E95C62639CFC8001ED8E1 /* ProductModel.swift in Sources */,
				84574AB426399766004817E8 /* CategoryItemView.swift in Sources */,
				848A21F4263C6F2500B8DC28 /* QuantifyFavoriteDetailView.swift in Sources */,
				848A21FA263C744800B8DC28 /* Shop.swift in Sources */,
				84574A8C263759BA004817E8 /* PlayerModel.swift in Sources */,
				845E95C32639CEA7001ED8E1 /* TitleVIew.swift in Sources */,
				84574AB0263995C3004817E8 /* CategoryModel.swift in Sources */,
				845E95CC2639D6D7001ED8E1 /* BrandModal.swift in Sources */,
			);
			runOnlyForDeploymentPostprocessing = 0;
		};
/* End PBXSourcesBuildPhase section */

/* Begin XCBuildConfiguration section */
		843B8C2E2630B97000CFDC92 /* Debug */ = {
			isa = XCBuildConfiguration;
			buildSettings = {
				ALWAYS_SEARCH_USER_PATHS = NO;
				CLANG_ANALYZER_NONNULL = YES;
				CLANG_ANALYZER_NUMBER_OBJECT_CONVERSION = YES_AGGRESSIVE;
				CLANG_CXX_LANGUAGE_STANDARD = "gnu++14";
				CLANG_CXX_LIBRARY = "libc++";
				CLANG_ENABLE_MODULES = YES;
				CLANG_ENABLE_OBJC_ARC = YES;
				CLANG_ENABLE_OBJC_WEAK = YES;
				CLANG_WARN_BLOCK_CAPTURE_AUTORELEASING = YES;
				CLANG_WARN_BOOL_CONVERSION = YES;
				CLANG_WARN_COMMA = YES;
				CLANG_WARN_CONSTANT_CONVERSION = YES;
				CLANG_WARN_DEPRECATED_OBJC_IMPLEMENTATIONS = YES;
				CLANG_WARN_DIRECT_OBJC_ISA_USAGE = YES_ERROR;
				CLANG_WARN_DOCUMENTATION_COMMENTS = YES;
				CLANG_WARN_EMPTY_BODY = YES;
				CLANG_WARN_ENUM_CONVERSION = YES;
				CLANG_WARN_INFINITE_RECURSION = YES;
				CLANG_WARN_INT_CONVERSION = YES;
				CLANG_WARN_NON_LITERAL_NULL_CONVERSION = YES;
				CLANG_WARN_OBJC_IMPLICIT_RETAIN_SELF = YES;
				CLANG_WARN_OBJC_LITERAL_CONVERSION = YES;
				CLANG_WARN_OBJC_ROOT_CLASS = YES_ERROR;
				CLANG_WARN_QUOTED_INCLUDE_IN_FRAMEWORK_HEADER = YES;
				CLANG_WARN_RANGE_LOOP_ANALYSIS = YES;
				CLANG_WARN_STRICT_PROTOTYPES = YES;
				CLANG_WARN_SUSPICIOUS_MOVE = YES;
				CLANG_WARN_UNGUARDED_AVAILABILITY = YES_AGGRESSIVE;
				CLANG_WARN_UNREACHABLE_CODE = YES;
				CLANG_WARN__DUPLICATE_METHOD_MATCH = YES;
				COPY_PHASE_STRIP = NO;
				DEBUG_INFORMATION_FORMAT = dwarf;
				ENABLE_STRICT_OBJC_MSGSEND = YES;
				ENABLE_TESTABILITY = YES;
				GCC_C_LANGUAGE_STANDARD = gnu11;
				GCC_DYNAMIC_NO_PIC = NO;
				GCC_NO_COMMON_BLOCKS = YES;
				GCC_OPTIMIZATION_LEVEL = 0;
				GCC_PREPROCESSOR_DEFINITIONS = (
					"DEBUG=1",
					"$(inherited)",
				);
				GCC_WARN_64_TO_32_BIT_CONVERSION = YES;
				GCC_WARN_ABOUT_RETURN_TYPE = YES_ERROR;
				GCC_WARN_UNDECLARED_SELECTOR = YES;
				GCC_WARN_UNINITIALIZED_AUTOS = YES_AGGRESSIVE;
				GCC_WARN_UNUSED_FUNCTION = YES;
				GCC_WARN_UNUSED_VARIABLE = YES;
				IPHONEOS_DEPLOYMENT_TARGET = 14.4;
				MTL_ENABLE_DEBUG_INFO = INCLUDE_SOURCE;
				MTL_FAST_MATH = YES;
				ONLY_ACTIVE_ARCH = YES;
				SDKROOT = iphoneos;
				SWIFT_ACTIVE_COMPILATION_CONDITIONS = DEBUG;
				SWIFT_OPTIMIZATION_LEVEL = "-Onone";
			};
			name = Debug;
		};
		843B8C2F2630B97000CFDC92 /* Release */ = {
			isa = XCBuildConfiguration;
			buildSettings = {
				ALWAYS_SEARCH_USER_PATHS = NO;
				CLANG_ANALYZER_NONNULL = YES;
				CLANG_ANALYZER_NUMBER_OBJECT_CONVERSION = YES_AGGRESSIVE;
				CLANG_CXX_LANGUAGE_STANDARD = "gnu++14";
				CLANG_CXX_LIBRARY = "libc++";
				CLANG_ENABLE_MODULES = YES;
				CLANG_ENABLE_OBJC_ARC = YES;
				CLANG_ENABLE_OBJC_WEAK = YES;
				CLANG_WARN_BLOCK_CAPTURE_AUTORELEASING = YES;
				CLANG_WARN_BOOL_CONVERSION = YES;
				CLANG_WARN_COMMA = YES;
				CLANG_WARN_CONSTANT_CONVERSION = YES;
				CLANG_WARN_DEPRECATED_OBJC_IMPLEMENTATIONS = YES;
				CLANG_WARN_DIRECT_OBJC_ISA_USAGE = YES_ERROR;
				CLANG_WARN_DOCUMENTATION_COMMENTS = YES;
				CLANG_WARN_EMPTY_BODY = YES;
				CLANG_WARN_ENUM_CONVERSION = YES;
				CLANG_WARN_INFINITE_RECURSION = YES;
				CLANG_WARN_INT_CONVERSION = YES;
				CLANG_WARN_NON_LITERAL_NULL_CONVERSION = YES;
				CLANG_WARN_OBJC_IMPLICIT_RETAIN_SELF = YES;
				CLANG_WARN_OBJC_LITERAL_CONVERSION = YES;
				CLANG_WARN_OBJC_ROOT_CLASS = YES_ERROR;
				CLANG_WARN_QUOTED_INCLUDE_IN_FRAMEWORK_HEADER = YES;
				CLANG_WARN_RANGE_LOOP_ANALYSIS = YES;
				CLANG_WARN_STRICT_PROTOTYPES = YES;
				CLANG_WARN_SUSPICIOUS_MOVE = YES;
				CLANG_WARN_UNGUARDED_AVAILABILITY = YES_AGGRESSIVE;
				CLANG_WARN_UNREACHABLE_CODE = YES;
				CLANG_WARN__DUPLICATE_METHOD_MATCH = YES;
				COPY_PHASE_STRIP = NO;
				DEBUG_INFORMATION_FORMAT = "dwarf-with-dsym";
				ENABLE_NS_ASSERTIONS = NO;
				ENABLE_STRICT_OBJC_MSGSEND = YES;
				GCC_C_LANGUAGE_STANDARD = gnu11;
				GCC_NO_COMMON_BLOCKS = YES;
				GCC_WARN_64_TO_32_BIT_CONVERSION = YES;
				GCC_WARN_ABOUT_RETURN_TYPE = YES_ERROR;
				GCC_WARN_UNDECLARED_SELECTOR = YES;
				GCC_WARN_UNINITIALIZED_AUTOS = YES_AGGRESSIVE;
				GCC_WARN_UNUSED_FUNCTION = YES;
				GCC_WARN_UNUSED_VARIABLE = YES;
				IPHONEOS_DEPLOYMENT_TARGET = 14.4;
				MTL_ENABLE_DEBUG_INFO = NO;
				MTL_FAST_MATH = YES;
				SDKROOT = iphoneos;
				SWIFT_COMPILATION_MODE = wholemodule;
				SWIFT_OPTIMIZATION_LEVEL = "-O";
				VALIDATE_PRODUCT = YES;
			};
			name = Release;
		};
		843B8C312630B97000CFDC92 /* Debug */ = {
			isa = XCBuildConfiguration;
			buildSettings = {
				ASSETCATALOG_COMPILER_APPICON_NAME = AppIcon;
				ASSETCATALOG_COMPILER_GLOBAL_ACCENT_COLOR_NAME = AccentColor;
				CODE_SIGN_STYLE = Automatic;
				DEVELOPMENT_ASSET_PATHS = "\"TouchDownApp/Preview Content\"";
				DEVELOPMENT_TEAM = 76ZV6J8YGZ;
				ENABLE_PREVIEWS = YES;
				INFOPLIST_FILE = TouchDownApp/Info.plist;
				IPHONEOS_DEPLOYMENT_TARGET = 14.0;
				LD_RUNPATH_SEARCH_PATHS = (
					"$(inherited)",
					"@executable_path/Frameworks",
				);
				PRODUCT_BUNDLE_IDENTIFIER = me.Camp.Mike.TouchDownApp;
				PRODUCT_NAME = "$(TARGET_NAME)";
				SWIFT_VERSION = 5.0;
				TARGETED_DEVICE_FAMILY = "1,2";
			};
			name = Debug;
		};
		843B8C322630B97000CFDC92 /* Release */ = {
			isa = XCBuildConfiguration;
			buildSettings = {
				ASSETCATALOG_COMPILER_APPICON_NAME = AppIcon;
				ASSETCATALOG_COMPILER_GLOBAL_ACCENT_COLOR_NAME = AccentColor;
				CODE_SIGN_STYLE = Automatic;
				DEVELOPMENT_ASSET_PATHS = "\"TouchDownApp/Preview Content\"";
				DEVELOPMENT_TEAM = 76ZV6J8YGZ;
				ENABLE_PREVIEWS = YES;
				INFOPLIST_FILE = TouchDownApp/Info.plist;
				IPHONEOS_DEPLOYMENT_TARGET = 14.0;
				LD_RUNPATH_SEARCH_PATHS = (
					"$(inherited)",
					"@executable_path/Frameworks",
				);
				PRODUCT_BUNDLE_IDENTIFIER = me.Camp.Mike.TouchDownApp;
				PRODUCT_NAME = "$(TARGET_NAME)";
				SWIFT_VERSION = 5.0;
				TARGETED_DEVICE_FAMILY = "1,2";
			};
			name = Release;
		};
/* End XCBuildConfiguration section */

/* Begin XCConfigurationList section */
		843B8C1C2630B96D00CFDC92 /* Build configuration list for PBXProject "TouchDownApp" */ = {
			isa = XCConfigurationList;
			buildConfigurations = (
				843B8C2E2630B97000CFDC92 /* Debug */,
				843B8C2F2630B97000CFDC92 /* Release */,
			);
			defaultConfigurationIsVisible = 0;
			defaultConfigurationName = Release;
		};
		843B8C302630B97000CFDC92 /* Build configuration list for PBXNativeTarget "TouchDownApp" */ = {
			isa = XCConfigurationList;
			buildConfigurations = (
				843B8C312630B97000CFDC92 /* Debug */,
				843B8C322630B97000CFDC92 /* Release */,
			);
			defaultConfigurationIsVisible = 0;
			defaultConfigurationName = Release;
		};
/* End XCConfigurationList section */
	};
	rootObject = 843B8C192630B96D00CFDC92 /* Project object */;
}
